
Microsoft Visual Studio Solution File, Format Version 12.00
# Visual Studio Version 16
VisualStudioVersion = 16.0.31613.86
MinimumVisualStudioVersion = 10.0.40219.1
Project("{FAE04EC0-301F-11D3-BF4B-00C04F79EFBC}") = "NavisworksDevHelper", "NavisworksDevHelper.csproj", "{F6B3F0F1-6C96-4BE1-99A7-ECF299B66F14}"
EndProject
Global
	GlobalSection(SolutionConfigurationPlatforms) = preSolution
		Debug|Any CPU = Debug|Any CPU
		Release|Any CPU = Release|Any CPU
		Description = Helper Methods when you're working with Navisworks API
	EndGlobalSection
	GlobalSection(ProjectConfigurationPlatforms) = postSolution
		{F6B3F0F1-6C96-4BE1-99A7-ECF299B66F14}.Debug|Any CPU.ActiveCfg = Debug|Any CPU
		{F6B3F0F1-6C96-4BE1-99A7-ECF299B66F14}.Debug|Any CPU.Build.0 = Debug|Any CPU
		{F6B3F0F1-6C96-4BE1-99A7-ECF299B66F14}.Release|Any CPU.ActiveCfg = Release|Any CPU
		{F6B3F0F1-6C96-4BE1-99A7-ECF299B66F14}.Release|Any CPU.Build.0 = Release|Any CPU
	EndGlobalSection
	GlobalSection(SolutionProperties) = preSolution
		HideSolutionNode = FALSE
	EndGlobalSection
	GlobalSection(ExtensibilityGlobals) = postSolution
		SolutionGuid = {81D25D0A-E4DB-4853-8F1B-DAF77A475F43}
	EndGlobalSection
EndGlobal
